{
  "nodes": {
    "home-manager": {
      "inputs": {
        "nixpkgs": [
          "nixpkgs"
        ]
      },
      "locked": {
        "lastModified": 1696063111,
        "narHash": "sha256-F2IJEbyH3xG0eqyAYn9JoV+niqNz+xb4HICYNkkviNI=",
        "owner": "nix-community",
        "repo": "home-manager",
        "rev": "ae896c810f501bf0c3a2fd7fc2de094dd0addf01",
        "type": "github"
      },
      "original": {
        "owner": "nix-community",
        "repo": "home-manager",
        "type": "github"
      }
    },
    "nixpkgs": {
      "locked": {
        "lastModified": 1695978539,
        "narHash": "sha256-lta5HToBZMWZ2hl5CautNSUgIZViR41QxN7JKbMAjgQ=",
        "owner": "nixos",
        "repo": "nixpkgs",
        "rev": "bd9b686c0168041aea600222be0805a0de6e6ab8",
        "type": "github"
      },
      "original": {
        "owner": "nixos",
        "ref": "nixpkgs-unstable",
        "repo": "nixpkgs",
        "type": "github"
      }
    },
    "nur": {
      "locked": {
        "lastModified": 1696375638,
        "narHash": "sha256-JABB9rPbyWDYhWPI+EfTV17XST3VwP5fDIkhEdHzCWU=",
        "owner": "nix-community",
        "repo": "NUR",
        "rev": "20f3ed166ebc2d34b56b6b6fb8f66c9e8a07bbec",
        "type": "github"
      },
      "original": {
        "owner": "nix-community",
        "repo": "NUR",
        "type": "github"
      }
    },
    "root": {
      "inputs": {
        "home-manager": "home-manager",
        "nixpkgs": "nixpkgs",
        "nur": "nur"
      }
    }
  },
  "root": "root",
  "version": 7
}
