{
  "nodes": {
    "home-manager": {
      "inputs": {
        "nixpkgs": [
          "nixpkgs"
        ]
      },
      "locked": {
        "lastModified": 1690846837,
        "narHash": "sha256-ZZ8YPOEdZG0zz61U4sfUAx28oEdqLdtG1iWTTH/98uc=",
        "owner": "nix-community",
        "repo": "home-manager",
        "rev": "4fd794d3df88735dcf9662155d77b08a2e2dde29",
        "type": "github"
      },
      "original": {
        "owner": "nix-community",
        "repo": "home-manager",
        "type": "github"
      }
    },
    "nixpkgs": {
      "locked": {
        "lastModified": 1690833316,
        "narHash": "sha256-+YU+/pTJmVKNW12R07/SJiTn7PQk90xwCI4D2PfLRPs=",
        "owner": "nixos",
        "repo": "nixpkgs",
        "rev": "9418167277f665de6f4a29f414d438cf39c55b9e",
        "type": "github"
      },
      "original": {
        "owner": "nixos",
        "ref": "nixpkgs-unstable",
        "repo": "nixpkgs",
        "type": "github"
      }
    },
    "root": {
      "inputs": {
        "home-manager": "home-manager",
        "nixpkgs": "nixpkgs"
      }
    }
  },
  "root": "root",
  "version": 7
}
